
Microsoft Visual Studio Solution File, Format Version 12.00
# Visual Studio Version 17
VisualStudioVersion = 17.9.34622.214
MinimumVisualStudioVersion = 10.0.40219.1
Project("{FAE04EC0-301F-11D3-BF4B-00C04F79EFBC}") = "SGMP-Client", "SGMP-Client.csproj", "{D627AC04-F91B-4E98-B2C3-944796AB6C9A}"
EndProject
Global
	GlobalSection(SolutionConfigurationPlatforms) = preSolution
		Debug|Any CPU = Debug|Any CPU
		Release|Any CPU = Release|Any CPU
	EndGlobalSection
	GlobalSection(ProjectConfigurationPlatforms) = postSolution
		{D627AC04-F91B-4E98-B2C3-944796AB6C9A}.Debug|Any CPU.ActiveCfg = Debug|Any CPU
		{D627AC04-F91B-4E98-B2C3-944796AB6C9A}.Debug|Any CPU.Build.0 = Debug|Any CPU
		{D627AC04-F91B-4E98-B2C3-944796AB6C9A}.Release|Any CPU.ActiveCfg = Release|Any CPU
		{D627AC04-F91B-4E98-B2C3-944796AB6C9A}.Release|Any CPU.Build.0 = Release|Any CPU
	EndGlobalSection
	GlobalSection(SolutionProperties) = preSolution
		HideSolutionNode = FALSE
	EndGlobalSection
	GlobalSection(ExtensibilityGlobals) = postSolution
		SolutionGuid = {7F1AD360-924C-4358-9D8A-DDA29C6479BF}
	EndGlobalSection
EndGlobal
